
Microsoft Visual Studio Solution File, Format Version 12.00
# Visual Studio Version 17
VisualStudioVersion = 17.4.33110.190
MinimumVisualStudioVersion = 10.0.40219.1
Project("{FAE04EC0-301F-11D3-BF4B-00C04F79EFBC}") = "KnockoutWebsite", "KnockoutWebsite\KnockoutWebsite.csproj", "{17FF2E5F-2CB2-4CBE-A2E3-1F49B4FDD525}"
EndProject
Global
	GlobalSection(SolutionConfigurationPlatforms) = preSolution
		Debug|Any CPU = Debug|Any CPU
		Release|Any CPU = Release|Any CPU
	EndGlobalSection
	GlobalSection(ProjectConfigurationPlatforms) = postSolution
		{17FF2E5F-2CB2-4CBE-A2E3-1F49B4FDD525}.Debug|Any CPU.ActiveCfg = Debug|Any CPU
		{17FF2E5F-2CB2-4CBE-A2E3-1F49B4FDD525}.Debug|Any CPU.Build.0 = Debug|Any CPU
		{17FF2E5F-2CB2-4CBE-A2E3-1F49B4FDD525}.Release|Any CPU.ActiveCfg = Release|Any CPU
		{17FF2E5F-2CB2-4CBE-A2E3-1F49B4FDD525}.Release|Any CPU.Build.0 = Release|Any CPU
	EndGlobalSection
	GlobalSection(SolutionProperties) = preSolution
		HideSolutionNode = FALSE
	EndGlobalSection
	GlobalSection(ExtensibilityGlobals) = postSolution
		SolutionGuid = {0FA53304-BF6E-41B8-9DCD-B03E3BBDB164}
	EndGlobalSection
EndGlobal
